
Microsoft Visual Studio Solution File, Format Version 12.00
# Visual Studio Version 16
VisualStudioVersion = 16.0.29728.190
MinimumVisualStudioVersion = 10.0.40219.1
Project("{FAE04EC0-301F-11D3-BF4B-00C04F79EFBC}") = "RestauranteBomPrato", "RestauranteBomPrato.csproj", "{E63445FB-2B73-4502-AB76-FFF1D12EFDA2}"
EndProject
Global
	GlobalSection(SolutionConfigurationPlatforms) = preSolution
		Debug|Any CPU = Debug|Any CPU
		Release|Any CPU = Release|Any CPU
	EndGlobalSection
	GlobalSection(ProjectConfigurationPlatforms) = postSolution
		{E63445FB-2B73-4502-AB76-FFF1D12EFDA2}.Debug|Any CPU.ActiveCfg = Debug|Any CPU
		{E63445FB-2B73-4502-AB76-FFF1D12EFDA2}.Debug|Any CPU.Build.0 = Debug|Any CPU
		{E63445FB-2B73-4502-AB76-FFF1D12EFDA2}.Release|Any CPU.ActiveCfg = Release|Any CPU
		{E63445FB-2B73-4502-AB76-FFF1D12EFDA2}.Release|Any CPU.Build.0 = Release|Any CPU
	EndGlobalSection
	GlobalSection(SolutionProperties) = preSolution
		HideSolutionNode = FALSE
	EndGlobalSection
	GlobalSection(ExtensibilityGlobals) = postSolution
		SolutionGuid = {CEC98A77-7D30-4428-92C1-F0C1576B7B02}
	EndGlobalSection
EndGlobal
